
Microsoft Visual Studio Solution File, Format Version 12.00
# Visual Studio Version 17
VisualStudioVersion = 17.9.34728.123
MinimumVisualStudioVersion = 10.0.40219.1
Project("{FAE04EC0-301F-11D3-BF4B-00C04F79EFBC}") = "Gestione Biblioteca", "Gestione Biblioteca\Gestione Biblioteca.csproj", "{2ACDF3D8-4F19-40A8-966F-7C76D18B5200}"
EndProject
Global
	GlobalSection(SolutionConfigurationPlatforms) = preSolution
		Debug|Any CPU = Debug|Any CPU
		Release|Any CPU = Release|Any CPU
	EndGlobalSection
	GlobalSection(ProjectConfigurationPlatforms) = postSolution
		{2ACDF3D8-4F19-40A8-966F-7C76D18B5200}.Debug|Any CPU.ActiveCfg = Debug|Any CPU
		{2ACDF3D8-4F19-40A8-966F-7C76D18B5200}.Debug|Any CPU.Build.0 = Debug|Any CPU
		{2ACDF3D8-4F19-40A8-966F-7C76D18B5200}.Release|Any CPU.ActiveCfg = Release|Any CPU
		{2ACDF3D8-4F19-40A8-966F-7C76D18B5200}.Release|Any CPU.Build.0 = Release|Any CPU
	EndGlobalSection
	GlobalSection(SolutionProperties) = preSolution
		HideSolutionNode = FALSE
	EndGlobalSection
	GlobalSection(ExtensibilityGlobals) = postSolution
		SolutionGuid = {52F959D1-BCF5-4438-B890-DBA314B73322}
	EndGlobalSection
EndGlobal
